
Microsoft Visual Studio Solution File, Format Version 12.00
# Visual Studio Version 17
VisualStudioVersion = 17.5.33627.172
MinimumVisualStudioVersion = 10.0.40219.1
Project("{2150E333-8FDC-42A3-9474-1A3956D46DE8}") = "Question1", "Question1", "{EA949CA7-A03F-4CB7-BFAC-DFAEE186329C}"
EndProject
Project("{9A19103F-16F7-4668-BE54-9A1E7A4F7556}") = "TestQuestion1", "TestQuestion1\TestQuestion1.csproj", "{23952A5E-2261-4595-BADF-B759BF37D2F9}"
EndProject
Project("{2150E333-8FDC-42A3-9474-1A3956D46DE8}") = "Question2", "Question2", "{50C52C06-710F-4146-BA4D-03544B85CB9D}"
EndProject
Project("{9A19103F-16F7-4668-BE54-9A1E7A4F7556}") = "TestQuestion2", "TestQuestion2\TestQuestion2.csproj", "{F5DB95E0-FDE2-41E6-A1F4-CF7DECE51F16}"
EndProject
Project("{2150E333-8FDC-42A3-9474-1A3956D46DE8}") = "Question3", "Question3", "{E029CB3D-C2B4-40CE-B290-9C1896451A5B}"
	ProjectSection(SolutionItems) = preProject
		Questões 3.docx = Questões 3.docx
	EndProjectSection
EndProject
Project("{2150E333-8FDC-42A3-9474-1A3956D46DE8}") = "Question4", "Question4", "{6B97250A-8F58-4555-ACB0-0624BB6B5696}"
	ProjectSection(SolutionItems) = preProject
		Questão 4.docx = Questão 4.docx
	EndProjectSection
EndProject
Project("{2150E333-8FDC-42A3-9474-1A3956D46DE8}") = "Question5", "Question5", "{631B8966-FEC5-4221-8266-68DED424633D}"
EndProject
Project("{FAE04EC0-301F-11D3-BF4B-00C04F79EFBC}") = "TestQuestion5", "TestQuestion5\TestQuestion5.csproj", "{AB22C220-D1E2-4BDF-8D38-088C32CB0FE0}"
EndProject
Project("{FAE04EC0-301F-11D3-BF4B-00C04F79EFBC}") = "TestQuestion4", "TestQuestion4\TestQuestion4.csproj", "{92FE0B8B-2AC5-4237-AFFF-8BDE4532F2D5}"
EndProject
Project("{FAE04EC0-301F-11D3-BF4B-00C04F79EFBC}") = "TestQuestion3", "TestQuestion3\TestQuestion3.csproj", "{80486215-9ACC-4610-972D-238A71E062C1}"
EndProject
Project("{FAE04EC0-301F-11D3-BF4B-00C04F79EFBC}") = "Question5Tests", "Question5Tests\Question5Tests.csproj", "{5652DE4B-4CCF-44DF-BEF0-555FBB438E87}"
EndProject
Global
	GlobalSection(SolutionConfigurationPlatforms) = preSolution
		Debug|Any CPU = Debug|Any CPU
		Release|Any CPU = Release|Any CPU
	EndGlobalSection
	GlobalSection(ProjectConfigurationPlatforms) = postSolution
		{23952A5E-2261-4595-BADF-B759BF37D2F9}.Debug|Any CPU.ActiveCfg = Debug|Any CPU
		{23952A5E-2261-4595-BADF-B759BF37D2F9}.Debug|Any CPU.Build.0 = Debug|Any CPU
		{23952A5E-2261-4595-BADF-B759BF37D2F9}.Release|Any CPU.ActiveCfg = Release|Any CPU
		{23952A5E-2261-4595-BADF-B759BF37D2F9}.Release|Any CPU.Build.0 = Release|Any CPU
		{F5DB95E0-FDE2-41E6-A1F4-CF7DECE51F16}.Debug|Any CPU.ActiveCfg = Debug|Any CPU
		{F5DB95E0-FDE2-41E6-A1F4-CF7DECE51F16}.Debug|Any CPU.Build.0 = Debug|Any CPU
		{F5DB95E0-FDE2-41E6-A1F4-CF7DECE51F16}.Release|Any CPU.ActiveCfg = Release|Any CPU
		{F5DB95E0-FDE2-41E6-A1F4-CF7DECE51F16}.Release|Any CPU.Build.0 = Release|Any CPU
		{AB22C220-D1E2-4BDF-8D38-088C32CB0FE0}.Debug|Any CPU.ActiveCfg = Debug|Any CPU
		{AB22C220-D1E2-4BDF-8D38-088C32CB0FE0}.Debug|Any CPU.Build.0 = Debug|Any CPU
		{AB22C220-D1E2-4BDF-8D38-088C32CB0FE0}.Release|Any CPU.ActiveCfg = Release|Any CPU
		{AB22C220-D1E2-4BDF-8D38-088C32CB0FE0}.Release|Any CPU.Build.0 = Release|Any CPU
		{92FE0B8B-2AC5-4237-AFFF-8BDE4532F2D5}.Debug|Any CPU.ActiveCfg = Debug|Any CPU
		{92FE0B8B-2AC5-4237-AFFF-8BDE4532F2D5}.Debug|Any CPU.Build.0 = Debug|Any CPU
		{92FE0B8B-2AC5-4237-AFFF-8BDE4532F2D5}.Release|Any CPU.ActiveCfg = Release|Any CPU
		{92FE0B8B-2AC5-4237-AFFF-8BDE4532F2D5}.Release|Any CPU.Build.0 = Release|Any CPU
		{80486215-9ACC-4610-972D-238A71E062C1}.Debug|Any CPU.ActiveCfg = Debug|Any CPU
		{80486215-9ACC-4610-972D-238A71E062C1}.Debug|Any CPU.Build.0 = Debug|Any CPU
		{80486215-9ACC-4610-972D-238A71E062C1}.Release|Any CPU.ActiveCfg = Release|Any CPU
		{80486215-9ACC-4610-972D-238A71E062C1}.Release|Any CPU.Build.0 = Release|Any CPU
		{5652DE4B-4CCF-44DF-BEF0-555FBB438E87}.Debug|Any CPU.ActiveCfg = Debug|Any CPU
		{5652DE4B-4CCF-44DF-BEF0-555FBB438E87}.Debug|Any CPU.Build.0 = Debug|Any CPU
		{5652DE4B-4CCF-44DF-BEF0-555FBB438E87}.Release|Any CPU.ActiveCfg = Release|Any CPU
		{5652DE4B-4CCF-44DF-BEF0-555FBB438E87}.Release|Any CPU.Build.0 = Release|Any CPU
	EndGlobalSection
	GlobalSection(SolutionProperties) = preSolution
		HideSolutionNode = FALSE
	EndGlobalSection
	GlobalSection(NestedProjects) = preSolution
		{23952A5E-2261-4595-BADF-B759BF37D2F9} = {EA949CA7-A03F-4CB7-BFAC-DFAEE186329C}
		{F5DB95E0-FDE2-41E6-A1F4-CF7DECE51F16} = {50C52C06-710F-4146-BA4D-03544B85CB9D}
		{AB22C220-D1E2-4BDF-8D38-088C32CB0FE0} = {631B8966-FEC5-4221-8266-68DED424633D}
		{92FE0B8B-2AC5-4237-AFFF-8BDE4532F2D5} = {6B97250A-8F58-4555-ACB0-0624BB6B5696}
		{80486215-9ACC-4610-972D-238A71E062C1} = {E029CB3D-C2B4-40CE-B290-9C1896451A5B}
		{5652DE4B-4CCF-44DF-BEF0-555FBB438E87} = {631B8966-FEC5-4221-8266-68DED424633D}
	EndGlobalSection
	GlobalSection(ExtensibilityGlobals) = postSolution
		SolutionGuid = {1D2366B8-1F61-4974-953F-61E93BEC8F62}
	EndGlobalSection
EndGlobal
